
Microsoft Visual Studio Solution File, Format Version 12.00
# Visual Studio Version 17
VisualStudioVersion = 17.2.32616.157
MinimumVisualStudioVersion = 10.0.40219.1
Project("{9A19103F-16F7-4668-BE54-9A1E7A4F7556}") = "client", "client\client.csproj", "{28B19E82-634F-4AE9-A5A9-CF9D11E443EE}"
EndProject
Project("{9A19103F-16F7-4668-BE54-9A1E7A4F7556}") = "server", "server\server.csproj", "{8E996083-469E-495E-ABC7-69E1A57F4DDD}"
EndProject
Project("{2150E333-8FDC-42A3-9474-1A3956D46DE8}") = "Položky řešení", "Položky řešení", "{0A815A05-9743-4139-9926-570ED2B9072F}"
	ProjectSection(SolutionItems) = preProject
		GameInformation.cs = GameInformation.cs
		Messages.cs = Messages.cs
	EndProjectSection
EndProject
Global
	GlobalSection(SolutionConfigurationPlatforms) = preSolution
		Debug|Any CPU = Debug|Any CPU
		Release|Any CPU = Release|Any CPU
	EndGlobalSection
	GlobalSection(ProjectConfigurationPlatforms) = postSolution
		{28B19E82-634F-4AE9-A5A9-CF9D11E443EE}.Debug|Any CPU.ActiveCfg = Debug|Any CPU
		{28B19E82-634F-4AE9-A5A9-CF9D11E443EE}.Debug|Any CPU.Build.0 = Debug|Any CPU
		{28B19E82-634F-4AE9-A5A9-CF9D11E443EE}.Release|Any CPU.ActiveCfg = Release|Any CPU
		{28B19E82-634F-4AE9-A5A9-CF9D11E443EE}.Release|Any CPU.Build.0 = Release|Any CPU
		{8E996083-469E-495E-ABC7-69E1A57F4DDD}.Debug|Any CPU.ActiveCfg = Debug|Any CPU
		{8E996083-469E-495E-ABC7-69E1A57F4DDD}.Debug|Any CPU.Build.0 = Debug|Any CPU
		{8E996083-469E-495E-ABC7-69E1A57F4DDD}.Release|Any CPU.ActiveCfg = Release|Any CPU
		{8E996083-469E-495E-ABC7-69E1A57F4DDD}.Release|Any CPU.Build.0 = Release|Any CPU
	EndGlobalSection
	GlobalSection(SolutionProperties) = preSolution
		HideSolutionNode = FALSE
	EndGlobalSection
	GlobalSection(ExtensibilityGlobals) = postSolution
		SolutionGuid = {C206EF0F-F82F-4F66-AF19-CE82B3C54777}
	EndGlobalSection
EndGlobal
